
Microsoft Visual Studio Solution File, Format Version 12.00
# Visual Studio 2015
Project("{FAE04EC0-301F-11D3-BF4B-00C04F79EFBC}") = "ChromatographyVR", "ChromatographyVR.csproj", "{270272D8-23E6-0997-4B57-E882704697F7}"
EndProject
Project("{FAE04EC0-301F-11D3-BF4B-00C04F79EFBC}") = "ChromatographyVR.Editor", "ChromatographyVR.Editor.csproj", "{B3D9B6B5-AF93-81AD-2A79-FDF725D2F1C8}"
EndProject
Global
	GlobalSection(SolutionConfigurationPlatforms) = preSolution
		Debug|Any CPU = Debug|Any CPU
		Release|Any CPU = Release|Any CPU
	EndGlobalSection
	GlobalSection(ProjectConfigurationPlatforms) = postSolution
		{270272D8-23E6-0997-4B57-E882704697F7}.Debug|Any CPU.ActiveCfg = Debug|Any CPU
		{270272D8-23E6-0997-4B57-E882704697F7}.Debug|Any CPU.Build.0 = Debug|Any CPU
		{270272D8-23E6-0997-4B57-E882704697F7}.Release|Any CPU.ActiveCfg = Release|Any CPU
		{270272D8-23E6-0997-4B57-E882704697F7}.Release|Any CPU.Build.0 = Release|Any CPU
		{B3D9B6B5-AF93-81AD-2A79-FDF725D2F1C8}.Debug|Any CPU.ActiveCfg = Debug|Any CPU
		{B3D9B6B5-AF93-81AD-2A79-FDF725D2F1C8}.Debug|Any CPU.Build.0 = Debug|Any CPU
		{B3D9B6B5-AF93-81AD-2A79-FDF725D2F1C8}.Release|Any CPU.ActiveCfg = Release|Any CPU
		{B3D9B6B5-AF93-81AD-2A79-FDF725D2F1C8}.Release|Any CPU.Build.0 = Release|Any CPU
	EndGlobalSection
	GlobalSection(SolutionProperties) = preSolution
		HideSolutionNode = FALSE
	EndGlobalSection
EndGlobal
